
Microsoft Visual Studio Solution File, Format Version 12.00
# Visual Studio Version 17
VisualStudioVersion = 17.9.34714.143
MinimumVisualStudioVersion = 10.0.40219.1
Project("{FAE04EC0-301F-11D3-BF4B-00C04F79EFBC}") = "RMCL_Download_Minecraft", "RMCL_Download_Minecraft\RMCL_Download_Minecraft.csproj", "{9D3FA699-9462-42E3-9247-98B66E386B44}"
EndProject
Global
	GlobalSection(SolutionConfigurationPlatforms) = preSolution
		Debug|Any CPU = Debug|Any CPU
		Release|Any CPU = Release|Any CPU
	EndGlobalSection
	GlobalSection(ProjectConfigurationPlatforms) = postSolution
		{9D3FA699-9462-42E3-9247-98B66E386B44}.Debug|Any CPU.ActiveCfg = Debug|Any CPU
		{9D3FA699-9462-42E3-9247-98B66E386B44}.Debug|Any CPU.Build.0 = Debug|Any CPU
		{9D3FA699-9462-42E3-9247-98B66E386B44}.Release|Any CPU.ActiveCfg = Release|Any CPU
		{9D3FA699-9462-42E3-9247-98B66E386B44}.Release|Any CPU.Build.0 = Release|Any CPU
	EndGlobalSection
	GlobalSection(SolutionProperties) = preSolution
		HideSolutionNode = FALSE
	EndGlobalSection
	GlobalSection(ExtensibilityGlobals) = postSolution
		SolutionGuid = {A8E9B5A9-97D8-44A0-BD0C-429EE862A30D}
	EndGlobalSection
EndGlobal
